
Microsoft Visual Studio Solution File, Format Version 12.00
# Visual Studio Version 17
VisualStudioVersion = 17.10.35122.118
MinimumVisualStudioVersion = 10.0.40219.1
Project("{FAE04EC0-301F-11D3-BF4B-00C04F79EFBC}") = "VotingApp", "VotingApp\VotingApp.csproj", "{E62AB991-BBB9-428A-B339-155957339CBB}"
EndProject
Global
	GlobalSection(SolutionConfigurationPlatforms) = preSolution
		Debug|Any CPU = Debug|Any CPU
		Release|Any CPU = Release|Any CPU
	EndGlobalSection
	GlobalSection(ProjectConfigurationPlatforms) = postSolution
		{E62AB991-BBB9-428A-B339-155957339CBB}.Debug|Any CPU.ActiveCfg = Debug|Any CPU
		{E62AB991-BBB9-428A-B339-155957339CBB}.Debug|Any CPU.Build.0 = Debug|Any CPU
		{E62AB991-BBB9-428A-B339-155957339CBB}.Release|Any CPU.ActiveCfg = Release|Any CPU
		{E62AB991-BBB9-428A-B339-155957339CBB}.Release|Any CPU.Build.0 = Release|Any CPU
	EndGlobalSection
	GlobalSection(SolutionProperties) = preSolution
		HideSolutionNode = FALSE
	EndGlobalSection
	GlobalSection(ExtensibilityGlobals) = postSolution
		SolutionGuid = {4B06B57F-E713-4C3E-8FE3-B6D55F356BF7}
	EndGlobalSection
EndGlobal
